{
    "version": 3,
    "terraform_version": "0.8.2",
    "serial": 4,
    "lineage": "a3228038-ed2e-46bd-aca1-00d2f7012be3",
    "modules": [
        {
            "path": [
                "root"
            ],
            "outputs": {
                "public_dns": {
                    "sensitive": false,
                    "type": "string",
                    "value": "ec2-52-203-159-99.compute-1.amazonaws.com"
                }
            },
            "resources": {
                "aws_instance.web": {
                    "type": "aws_instance",
                    "depends_on": [
                        "data.aws_ami.ubuntu"
                    ],
                    "primary": {
                        "id": "i-0fc8e8e1e81527fbc",
                        "attributes": {
                            "ami": "ami-8527dc93",
                            "associate_public_ip_address": "true",
                            "availability_zone": "us-east-1a",
                            "disable_api_termination": "false",
                            "ebs_block_device.#": "0",
                            "ebs_optimized": "false",
                            "ephemeral_block_device.#": "0",
                            "iam_instance_profile": "",
                            "id": "i-0fc8e8e1e81527fbc",
                            "instance_state": "running",
                            "instance_type": "t1.micro",
                            "key_name": "FidoKeyPair",
                            "monitoring": "false",
                            "network_interface_id": "eni-ccd83808",
                            "private_dns": "ip-10-0-0-13.ec2.internal",
                            "private_ip": "10.0.0.13",
                            "public_dns": "ec2-52-203-159-99.compute-1.amazonaws.com",
                            "public_ip": "52.203.159.99",
                            "root_block_device.#": "1",
                            "root_block_device.0.delete_on_termination": "true",
                            "root_block_device.0.iops": "0",
                            "root_block_device.0.volume_size": "8",
                            "root_block_device.0.volume_type": "standard",
                            "security_groups.#": "0",
                            "source_dest_check": "true",
                            "subnet_id": "subnet-de0d1786",
                            "tags.%": "1",
                            "tags.Name": "Redshift-Client",
                            "tenancy": "default",
                            "user_data": "0c089dd8c105262d909e2cb17527f3768dc56da8",
                            "vpc_security_group_ids.#": "1",
                            "vpc_security_group_ids.4287815812": "sg-7dd45007"
                        },
                        "meta": {
                            "schema_version": "1"
                        },
                        "tainted": false
                    },
                    "deposed": [],
                    "provider": ""
                },
                "data.aws_ami.ubuntu": {
                    "type": "aws_ami",
                    "depends_on": [],
                    "primary": {
                        "id": "ami-8527dc93",
                        "attributes": {
                            "architecture": "x86_64",
                            "block_device_mappings.#": "2",
                            "block_device_mappings.1634610537.device_name": "/dev/sdb",
                            "block_device_mappings.1634610537.ebs.%": "0",
                            "block_device_mappings.1634610537.no_device": "",
                            "block_device_mappings.1634610537.virtual_name": "ephemeral0",
                            "block_device_mappings.4184906282.device_name": "/dev/sda1",
                            "block_device_mappings.4184906282.ebs.%": "6",
                            "block_device_mappings.4184906282.ebs.delete_on_termination": "true",
                            "block_device_mappings.4184906282.ebs.encrypted": "false",
                            "block_device_mappings.4184906282.ebs.iops": "0",
                            "block_device_mappings.4184906282.ebs.snapshot_id": "snap-0c6083df0c4dd9ad2",
                            "block_device_mappings.4184906282.ebs.volume_size": "8",
                            "block_device_mappings.4184906282.ebs.volume_type": "standard",
                            "block_device_mappings.4184906282.no_device": "",
                            "block_device_mappings.4184906282.virtual_name": "",
                            "creation_date": "2017-02-03T07:08:56.000Z",
                            "filter.#": "2",
                            "filter.400084487.name": "virtualization-type",
                            "filter.400084487.values.#": "1",
                            "filter.400084487.values.0": "paravirtual",
                            "filter.4206401101.name": "name",
                            "filter.4206401101.values.#": "1",
                            "filter.4206401101.values.0": "ubuntu/images/ebs/ubuntu-trusty-14.04-amd64-server-*",
                            "hypervisor": "xen",
                            "id": "ami-8527dc93",
                            "image_id": "ami-8527dc93",
                            "image_location": "099720109477/ubuntu/images/ebs/ubuntu-trusty-14.04-amd64-server-20170202.1",
                            "image_type": "machine",
                            "kernel_id": "aki-919dcaf8",
                            "most_recent": "true",
                            "name": "ubuntu/images/ebs/ubuntu-trusty-14.04-amd64-server-20170202.1",
                            "owner_id": "099720109477",
                            "owners.#": "1",
                            "owners.0": "099720109477",
                            "product_codes.#": "0",
                            "public": "true",
                            "root_device_name": "/dev/sda1",
                            "root_device_type": "ebs",
                            "state": "available",
                            "state_reason.%": "2",
                            "state_reason.code": "UNSET",
                            "state_reason.message": "UNSET",
                            "tags.#": "0",
                            "virtualization_type": "paravirtual"
                        },
                        "meta": {},
                        "tainted": false
                    },
                    "deposed": [],
                    "provider": ""
                }
            },
            "depends_on": []
        }
    ]
}
